
Microsoft Visual Studio Solution File, Format Version 12.00
# Visual Studio 15
VisualStudioVersion = 15.0.28010.2050
MinimumVisualStudioVersion = 10.0.40219.1
Project("{FAE04EC0-301F-11D3-BF4B-00C04F79EFBC}") = "Work1", "Work1\Work1.csproj", "{C02D89FD-1C5E-499D-9C92-02935C2AD375}"
EndProject
Global
	GlobalSection(SolutionConfigurationPlatforms) = preSolution
		Debug|Any CPU = Debug|Any CPU
		Release|Any CPU = Release|Any CPU
	EndGlobalSection
	GlobalSection(ProjectConfigurationPlatforms) = postSolution
		{C02D89FD-1C5E-499D-9C92-02935C2AD375}.Debug|Any CPU.ActiveCfg = Debug|Any CPU
		{C02D89FD-1C5E-499D-9C92-02935C2AD375}.Debug|Any CPU.Build.0 = Debug|Any CPU
		{C02D89FD-1C5E-499D-9C92-02935C2AD375}.Release|Any CPU.ActiveCfg = Release|Any CPU
		{C02D89FD-1C5E-499D-9C92-02935C2AD375}.Release|Any CPU.Build.0 = Release|Any CPU
	EndGlobalSection
	GlobalSection(SolutionProperties) = preSolution
		HideSolutionNode = FALSE
	EndGlobalSection
	GlobalSection(ExtensibilityGlobals) = postSolution
		SolutionGuid = {9AEC2EBC-9E79-457B-8B4E-75235AFF5B9B}
	EndGlobalSection
EndGlobal
